# AutoJs6 host protocol distribution lock.
# Source gate: verifyPythonReleaseApiDistributionGate
# Host HEAD: 2caddcb763b39f0bf450909742fa6ec4caba27a8 (clean current tree)
# Host source fingerprint: 4de961d6cc8f5df204cf535091179199c73946e945da70efed408794a4ad766b
# Distribution manifest SHA-256: 9f296ad45c24b7eb3e217e4d0ce6c96ba2593966b2bed1db1f2846d658987818
format=1
common-plugin-api.file=common-plugin-api.aar
common-plugin-api.sha256=6d75eb2350aa56ed412dabf84b34c0f65b9a6f6cfce3f3c23f79b9b198c24a63
protocol-wire-api.file=protocol-wire-api.aar
protocol-wire-api.sha256=e044dd3cc9bed84e844174e0963b57a1f67902cf021ccb42d1031d3511ce46da
python-runtime-api.file=python-runtime-api.aar
python-runtime-api.sha256=e42a2c35cfb9bed27c02ad4a781a1b4bf7f5766d78a46ad194675f090c1c0127
