# AutoJs6 host protocol distribution lock.
# Source gate: verifyPythonReleaseApiDistributionGate
# Host HEAD: afca7b14c4ba3971b60a9ce3587e2f10bfd0ab1e (clean source tree)
# Host source fingerprint: c7e7fe0b9b7fcf60fb61aeebc1586305d4ffa2395ff92170471ddfa945e84f00
# Distribution manifest SHA-256: 5c3f2cd9118cd6ec0c8838febe12f0df4b9b1d58a40d5252b462667194f09da6
format=1
common-plugin-api.file=common-plugin-api.aar
common-plugin-api.sha256=c526f4fd0adbf38b36a7bf54f9931385e6cc20050d6ea8fb741c60496af635d5
protocol-wire-api.file=protocol-wire-api.aar
protocol-wire-api.sha256=e044dd3cc9bed84e844174e0963b57a1f67902cf021ccb42d1031d3511ce46da
python-runtime-api.file=python-runtime-api.aar
python-runtime-api.sha256=3d4272e6acbf23b39c12e4396768cf602a5622e44830dfb376b3752c5b96ff87
