# AutoJs6 host protocol distribution lock.
# Source gate: verifyPythonReleaseApiDistributionGate
# Host HEAD: a03c83807f0e0ad11027daf6c6985787c3e3f793 (clean source tree)
# Host source fingerprint: 1f51e892c0fc94046bc0f83bf6d3054e3264e3d220b6a5958c64302dcea0c7e8
# Distribution manifest SHA-256: e1dc1227c44730603809946038a3e9b47f71eb623d21337b6f139dfc192ddcc1
format=1
protocol-wire-api.file=protocol-wire-api.aar
protocol-wire-api.sha256=e044dd3cc9bed84e844174e0963b57a1f67902cf021ccb42d1031d3511ce46da
python-runtime-api.file=python-runtime-api.aar
python-runtime-api.sha256=900e9c74db33340b1f1aa155d8e8454708338ee7ca763d1caafca33431ce42a4
